
Microsoft Visual Studio Solution File, Format Version 12.00
# Visual Studio 15
VisualStudioVersion = 15.0.28307.1169
MinimumVisualStudioVersion = 10.0.40219.1
Project("{FAE04EC0-301F-11D3-BF4B-00C04F79EFBC}") = "SwipeFlash", "SwipeFlash\SwipeFlash.csproj", "{9B7CE7A1-5EC7-40F6-A45D-50808858CD71}"
EndProject
Project("{FAE04EC0-301F-11D3-BF4B-00C04F79EFBC}") = "SwipeFlash.Core", "SwipeFlash.Core\SwipeFlash.Core.csproj", "{29FBE0F9-2FDF-48A6-A248-CD83613A8EB2}"
EndProject
Global
	GlobalSection(SolutionConfigurationPlatforms) = preSolution
		Debug|Any CPU = Debug|Any CPU
		Release|Any CPU = Release|Any CPU
	EndGlobalSection
	GlobalSection(ProjectConfigurationPlatforms) = postSolution
		{9B7CE7A1-5EC7-40F6-A45D-50808858CD71}.Debug|Any CPU.ActiveCfg = Debug|Any CPU
		{9B7CE7A1-5EC7-40F6-A45D-50808858CD71}.Debug|Any CPU.Build.0 = Debug|Any CPU
		{9B7CE7A1-5EC7-40F6-A45D-50808858CD71}.Release|Any CPU.ActiveCfg = Release|Any CPU
		{9B7CE7A1-5EC7-40F6-A45D-50808858CD71}.Release|Any CPU.Build.0 = Release|Any CPU
		{29FBE0F9-2FDF-48A6-A248-CD83613A8EB2}.Debug|Any CPU.ActiveCfg = Debug|Any CPU
		{29FBE0F9-2FDF-48A6-A248-CD83613A8EB2}.Debug|Any CPU.Build.0 = Debug|Any CPU
		{29FBE0F9-2FDF-48A6-A248-CD83613A8EB2}.Release|Any CPU.ActiveCfg = Release|Any CPU
		{29FBE0F9-2FDF-48A6-A248-CD83613A8EB2}.Release|Any CPU.Build.0 = Release|Any CPU
	EndGlobalSection
	GlobalSection(SolutionProperties) = preSolution
		HideSolutionNode = FALSE
	EndGlobalSection
	GlobalSection(ExtensibilityGlobals) = postSolution
		SolutionGuid = {E2B8B25C-8938-4DE7-A627-CC99902A100C}
	EndGlobalSection
EndGlobal
